
Microsoft Visual Studio Solution File, Format Version 12.00
# Visual Studio Version 17
VisualStudioVersion = 17.7.34031.279
MinimumVisualStudioVersion = 10.0.40219.1
Project("{FAE04EC0-301F-11D3-BF4B-00C04F79EFBC}") = "ead-backend", "ead-backend\ead-backend.csproj", "{504C2627-376B-481B-86DF-C7582F9244AE}"
EndProject
Global
	GlobalSection(SolutionConfigurationPlatforms) = preSolution
		Debug|Any CPU = Debug|Any CPU
		Release|Any CPU = Release|Any CPU
	EndGlobalSection
	GlobalSection(ProjectConfigurationPlatforms) = postSolution
		{504C2627-376B-481B-86DF-C7582F9244AE}.Debug|Any CPU.ActiveCfg = Debug|Any CPU
		{504C2627-376B-481B-86DF-C7582F9244AE}.Debug|Any CPU.Build.0 = Debug|Any CPU
		{504C2627-376B-481B-86DF-C7582F9244AE}.Release|Any CPU.ActiveCfg = Release|Any CPU
		{504C2627-376B-481B-86DF-C7582F9244AE}.Release|Any CPU.Build.0 = Release|Any CPU
	EndGlobalSection
	GlobalSection(SolutionProperties) = preSolution
		HideSolutionNode = FALSE
	EndGlobalSection
	GlobalSection(ExtensibilityGlobals) = postSolution
		SolutionGuid = {BF2C6A63-8D0F-4E3F-8583-6AD73ADA1FF1}
	EndGlobalSection
EndGlobal
